
Microsoft Visual Studio Solution File, Format Version 12.00
# Visual Studio Version 16
VisualStudioVersion = 16.0.30413.136
MinimumVisualStudioVersion = 10.0.40219.1
Project("{FAE04EC0-301F-11D3-BF4B-00C04F79EFBC}") = "Yugioh.Demo", "Yugioh.Demo.csproj", "{A6DBDA0B-41A4-4B6A-BD11-8BB4DF6D4B9C}"
EndProject
Project("{FAE04EC0-301F-11D3-BF4B-00C04F79EFBC}") = "Yugioh.Draw", "..\Yugioh.Draw\Yugioh.Draw.csproj", "{8135ED25-69B1-4AB6-860B-D3CF6F6AC193}"
EndProject
Global
	GlobalSection(SolutionConfigurationPlatforms) = preSolution
		Debug|Any CPU = Debug|Any CPU
		Release|Any CPU = Release|Any CPU
	EndGlobalSection
	GlobalSection(ProjectConfigurationPlatforms) = postSolution
		{A6DBDA0B-41A4-4B6A-BD11-8BB4DF6D4B9C}.Debug|Any CPU.ActiveCfg = Debug|Any CPU
		{A6DBDA0B-41A4-4B6A-BD11-8BB4DF6D4B9C}.Debug|Any CPU.Build.0 = Debug|Any CPU
		{A6DBDA0B-41A4-4B6A-BD11-8BB4DF6D4B9C}.Release|Any CPU.ActiveCfg = Release|Any CPU
		{A6DBDA0B-41A4-4B6A-BD11-8BB4DF6D4B9C}.Release|Any CPU.Build.0 = Release|Any CPU
		{8135ED25-69B1-4AB6-860B-D3CF6F6AC193}.Debug|Any CPU.ActiveCfg = Debug|Any CPU
		{8135ED25-69B1-4AB6-860B-D3CF6F6AC193}.Debug|Any CPU.Build.0 = Debug|Any CPU
		{8135ED25-69B1-4AB6-860B-D3CF6F6AC193}.Release|Any CPU.ActiveCfg = Release|Any CPU
		{8135ED25-69B1-4AB6-860B-D3CF6F6AC193}.Release|Any CPU.Build.0 = Release|Any CPU
	EndGlobalSection
	GlobalSection(SolutionProperties) = preSolution
		HideSolutionNode = FALSE
	EndGlobalSection
	GlobalSection(ExtensibilityGlobals) = postSolution
		SolutionGuid = {E1408278-A2C4-4B75-8A69-79307C37AF9E}
	EndGlobalSection
EndGlobal
